// !$*UTF8*$!
{
	archiveVersion = 1;
	classes = {
	};
	objectVersion = 56;
	objects = {

/* Begin PBXBuildFile section */
		2E0875EB2B7CE36100ABB27D /* AppDelegate.swift in Sources */ = {isa = PBXBuildFile; fileRef = 2E0875EA2B7CE36100ABB27D /* AppDelegate.swift */; };
		2E0875ED2B7CE36100ABB27D /* SceneDelegate.swift in Sources */ = {isa = PBXBuildFile; fileRef = 2E0875EC2B7CE36100ABB27D /* SceneDelegate.swift */; };
		2E0875EF2B7CE36100ABB27D /* ReminderListViewController.swift in Sources */ = {isa = PBXBuildFile; fileRef = 2E0875EE2B7CE36100ABB27D /* ReminderListViewController.swift */; };
		2E0875F42B7CE36200ABB27D /* Assets.xcassets in Resources */ = {isa = PBXBuildFile; fileRef = 2E0875F32B7CE36200ABB27D /* Assets.xcassets */; };
		2E0875F72B7CE36200ABB27D /* LaunchScreen.storyboard in Resources */ = {isa = PBXBuildFile; fileRef = 2E0875F52B7CE36200ABB27D /* LaunchScreen.storyboard */; };
		2E0876022B7CE83700ABB27D /* BaseViewController.swift in Sources */ = {isa = PBXBuildFile; fileRef = 2E0876012B7CE83700ABB27D /* BaseViewController.swift */; };
		2E0876052B7CE8BD00ABB27D /* UIView+addSubViews.swift in Sources */ = {isa = PBXBuildFile; fileRef = 2E0876042B7CE8BD00ABB27D /* UIView+addSubViews.swift */; };
		2E0876082B7CE90300ABB27D /* SnapKit in Frameworks */ = {isa = PBXBuildFile; productRef = 2E0876072B7CE90300ABB27D /* SnapKit */; };
		2E08760B2B7CE90C00ABB27D /* Then in Frameworks */ = {isa = PBXBuildFile; productRef = 2E08760A2B7CE90C00ABB27D /* Then */; };
		2E08760D2B7CE98800ABB27D /* ReminderListCollectionViewCell.swift in Sources */ = {isa = PBXBuildFile; fileRef = 2E08760C2B7CE98800ABB27D /* ReminderListCollectionViewCell.swift */; };
		2E08760F2B7D194800ABB27D /* AddReminderViewController.swift in Sources */ = {isa = PBXBuildFile; fileRef = 2E08760E2B7D194800ABB27D /* AddReminderViewController.swift */; };
		2E0876112B7D26FB00ABB27D /* UIButton + Configuration.swift in Sources */ = {isa = PBXBuildFile; fileRef = 2E0876102B7D26FB00ABB27D /* UIButton + Configuration.swift */; };
		2E0876142B7D293500ABB27D /* DetailViewController.swift in Sources */ = {isa = PBXBuildFile; fileRef = 2E0876132B7D293500ABB27D /* DetailViewController.swift */; };
		2E0876172B7D2C9A00ABB27D /* CalendarViewController.swift in Sources */ = {isa = PBXBuildFile; fileRef = 2E0876162B7D2C9A00ABB27D /* CalendarViewController.swift */; };
		2E4D89AA2B833B1E000702B8 /* FileManager+Extension.swift in Sources */ = {isa = PBXBuildFile; fileRef = 2E4D89A92B833B1E000702B8 /* FileManager+Extension.swift */; };
		2E4D89AD2B834136000702B8 /* FSCalendar in Frameworks */ = {isa = PBXBuildFile; productRef = 2E4D89AC2B834136000702B8 /* FSCalendar */; };
		2E4D89B02B83586F000702B8 /* TodayReminderViewController.swift in Sources */ = {isa = PBXBuildFile; fileRef = 2E4D89AF2B83586F000702B8 /* TodayReminderViewController.swift */; };
		2E4D89B32B83AD41000702B8 /* ScheduledViewController.swift in Sources */ = {isa = PBXBuildFile; fileRef = 2E4D89B22B83AD41000702B8 /* ScheduledViewController.swift */; };
		2E54079C2B850F9400724513 /* UIColor+hexValue.swift in Sources */ = {isa = PBXBuildFile; fileRef = 2E54079B2B850F9400724513 /* UIColor+hexValue.swift */; };
		2E54079F2B852C6C00724513 /* SelectListViewController.swift in Sources */ = {isa = PBXBuildFile; fileRef = 2E54079E2B852C6C00724513 /* SelectListViewController.swift */; };
		2E86C9562B7E4C9500009D59 /* DetailTableViewCell.swift in Sources */ = {isa = PBXBuildFile; fileRef = 2E86C9552B7E4C9500009D59 /* DetailTableViewCell.swift */; };
		2E86C9592B7E730300009D59 /* TimePickerViewController.swift in Sources */ = {isa = PBXBuildFile; fileRef = 2E86C9582B7E730300009D59 /* TimePickerViewController.swift */; };
		2E86C95C2B7E78E100009D59 /* Realm in Frameworks */ = {isa = PBXBuildFile; productRef = 2E86C95B2B7E78E100009D59 /* Realm */; };
		2E86C95E2B7E78E100009D59 /* RealmSwift in Frameworks */ = {isa = PBXBuildFile; productRef = 2E86C95D2B7E78E100009D59 /* RealmSwift */; };
		2E86C9612B7E793B00009D59 /* RealmModel.swift in Sources */ = {isa = PBXBuildFile; fileRef = 2E86C9602B7E793B00009D59 /* RealmModel.swift */; };
		2E86C9642B7E7EC300009D59 /* AllReminderViewController.swift in Sources */ = {isa = PBXBuildFile; fileRef = 2E86C9632B7E7EC300009D59 /* AllReminderViewController.swift */; };
		2E86C9662B7E81B000009D59 /* AllReminderTableViewCell.swift in Sources */ = {isa = PBXBuildFile; fileRef = 2E86C9652B7E81B000009D59 /* AllReminderTableViewCell.swift */; };
		2EC074712B8481A10061BF01 /* MyListTableViewCell.swift in Sources */ = {isa = PBXBuildFile; fileRef = 2EC074702B8481A10061BF01 /* MyListTableViewCell.swift */; };
		2EC074742B8488AC0061BF01 /* AddMyListViewController.swift in Sources */ = {isa = PBXBuildFile; fileRef = 2EC074732B8488AC0061BF01 /* AddMyListViewController.swift */; };
		2EC8AE012B811AD200C575D9 /* ReminderRepository.swift in Sources */ = {isa = PBXBuildFile; fileRef = 2EC8AE002B811AD200C575D9 /* ReminderRepository.swift */; };
		2ED5DF8C2B820187000EE2DC /* Toast in Frameworks */ = {isa = PBXBuildFile; productRef = 2ED5DF8B2B820187000EE2DC /* Toast */; };
/* End PBXBuildFile section */

/* Begin PBXFileReference section */
		2E0875E72B7CE36100ABB27D /* iPhoneReminder.app */ = {isa = PBXFileReference; explicitFileType = wrapper.application; includeInIndex = 0; path = iPhoneReminder.app; sourceTree = BUILT_PRODUCTS_DIR; };
		2E0875EA2B7CE36100ABB27D /* AppDelegate.swift */ = {isa = PBXFileReference; lastKnownFileType = sourcecode.swift; path = AppDelegate.swift; sourceTree = "<group>"; };
		2E0875EC2B7CE36100ABB27D /* SceneDelegate.swift */ = {isa = PBXFileReference; lastKnownFileType = sourcecode.swift; path = SceneDelegate.swift; sourceTree = "<group>"; };
		2E0875EE2B7CE36100ABB27D /* ReminderListViewController.swift */ = {isa = PBXFileReference; lastKnownFileType = sourcecode.swift; path = ReminderListViewController.swift; sourceTree = "<group>"; };
		2E0875F32B7CE36200ABB27D /* Assets.xcassets */ = {isa = PBXFileReference; lastKnownFileType = folder.assetcatalog; path = Assets.xcassets; sourceTree = "<group>"; };
		2E0875F62B7CE36200ABB27D /* Base */ = {isa = PBXFileReference; lastKnownFileType = file.storyboard; name = Base; path = Base.lproj/LaunchScreen.storyboard; sourceTree = "<group>"; };
		2E0875F82B7CE36200ABB27D /* Info.plist */ = {isa = PBXFileReference; lastKnownFileType = text.plist.xml; path = Info.plist; sourceTree = "<group>"; };
		2E0876012B7CE83700ABB27D /* BaseViewController.swift */ = {isa = PBXFileReference; lastKnownFileType = sourcecode.swift; path = BaseViewController.swift; sourceTree = "<group>"; };
		2E0876042B7CE8BD00ABB27D /* UIView+addSubViews.swift */ = {isa = PBXFileReference; lastKnownFileType = sourcecode.swift; path = "UIView+addSubViews.swift"; sourceTree = "<group>"; };
		2E08760C2B7CE98800ABB27D /* ReminderListCollectionViewCell.swift */ = {isa = PBXFileReference; lastKnownFileType = sourcecode.swift; path = ReminderListCollectionViewCell.swift; sourceTree = "<group>"; };
		2E08760E2B7D194800ABB27D /* AddReminderViewController.swift */ = {isa = PBXFileReference; lastKnownFileType = sourcecode.swift; path = AddReminderViewController.swift; sourceTree = "<group>"; };
		2E0876102B7D26FB00ABB27D /* UIButton + Configuration.swift */ = {isa = PBXFileReference; lastKnownFileType = sourcecode.swift; path = "UIButton + Configuration.swift"; sourceTree = "<group>"; };
		2E0876132B7D293500ABB27D /* DetailViewController.swift */ = {isa = PBXFileReference; lastKnownFileType = sourcecode.swift; path = DetailViewController.swift; sourceTree = "<group>"; };
		2E0876162B7D2C9A00ABB27D /* CalendarViewController.swift */ = {isa = PBXFileReference; lastKnownFileType = sourcecode.swift; path = CalendarViewController.swift; sourceTree = "<group>"; };
		2E4D89A92B833B1E000702B8 /* FileManager+Extension.swift */ = {isa = PBXFileReference; lastKnownFileType = sourcecode.swift; path = "FileManager+Extension.swift"; sourceTree = "<group>"; };
		2E4D89AF2B83586F000702B8 /* TodayReminderViewController.swift */ = {isa = PBXFileReference; lastKnownFileType = sourcecode.swift; path = TodayReminderViewController.swift; sourceTree = "<group>"; };
		2E4D89B22B83AD41000702B8 /* ScheduledViewController.swift */ = {isa = PBXFileReference; lastKnownFileType = sourcecode.swift; path = ScheduledViewController.swift; sourceTree = "<group>"; };
		2E54079B2B850F9400724513 /* UIColor+hexValue.swift */ = {isa = PBXFileReference; lastKnownFileType = sourcecode.swift; path = "UIColor+hexValue.swift"; sourceTree = "<group>"; };
		2E54079E2B852C6C00724513 /* SelectListViewController.swift */ = {isa = PBXFileReference; lastKnownFileType = sourcecode.swift; path = SelectListViewController.swift; sourceTree = "<group>"; };
		2E86C9552B7E4C9500009D59 /* DetailTableViewCell.swift */ = {isa = PBXFileReference; lastKnownFileType = sourcecode.swift; path = DetailTableViewCell.swift; sourceTree = "<group>"; };
		2E86C9582B7E730300009D59 /* TimePickerViewController.swift */ = {isa = PBXFileReference; lastKnownFileType = sourcecode.swift; path = TimePickerViewController.swift; sourceTree = "<group>"; };
		2E86C9602B7E793B00009D59 /* RealmModel.swift */ = {isa = PBXFileReference; lastKnownFileType = sourcecode.swift; path = RealmModel.swift; sourceTree = "<group>"; };
		2E86C9632B7E7EC300009D59 /* AllReminderViewController.swift */ = {isa = PBXFileReference; lastKnownFileType = sourcecode.swift; path = AllReminderViewController.swift; sourceTree = "<group>"; };
		2E86C9652B7E81B000009D59 /* AllReminderTableViewCell.swift */ = {isa = PBXFileReference; lastKnownFileType = sourcecode.swift; path = AllReminderTableViewCell.swift; sourceTree = "<group>"; };
		2EC074702B8481A10061BF01 /* MyListTableViewCell.swift */ = {isa = PBXFileReference; lastKnownFileType = sourcecode.swift; path = MyListTableViewCell.swift; sourceTree = "<group>"; };
		2EC074732B8488AC0061BF01 /* AddMyListViewController.swift */ = {isa = PBXFileReference; lastKnownFileType = sourcecode.swift; path = AddMyListViewController.swift; sourceTree = "<group>"; };
		2EC8AE002B811AD200C575D9 /* ReminderRepository.swift */ = {isa = PBXFileReference; lastKnownFileType = sourcecode.swift; path = ReminderRepository.swift; sourceTree = "<group>"; };
/* End PBXFileReference section */

/* Begin PBXFrameworksBuildPhase section */
		2E0875E42B7CE36100ABB27D /* Frameworks */ = {
			isa = PBXFrameworksBuildPhase;
			buildActionMask = 2147483647;
			files = (
				2E86C95E2B7E78E100009D59 /* RealmSwift in Frameworks */,
				2E4D89AD2B834136000702B8 /* FSCalendar in Frameworks */,
				2E86C95C2B7E78E100009D59 /* Realm in Frameworks */,
				2E0876082B7CE90300ABB27D /* SnapKit in Frameworks */,
				2ED5DF8C2B820187000EE2DC /* Toast in Frameworks */,
				2E08760B2B7CE90C00ABB27D /* Then in Frameworks */,
			);
			runOnlyForDeploymentPostprocessing = 0;
		};
/* End PBXFrameworksBuildPhase section */

/* Begin PBXGroup section */
		2E0875DE2B7CE36100ABB27D = {
			isa = PBXGroup;
			children = (
				2E0875E92B7CE36100ABB27D /* iPhoneReminder */,
				2E0875E82B7CE36100ABB27D /* Products */,
			);
			sourceTree = "<group>";
		};
		2E0875E82B7CE36100ABB27D /* Products */ = {
			isa = PBXGroup;
			children = (
				2E0875E72B7CE36100ABB27D /* iPhoneReminder.app */,
			);
			name = Products;
			sourceTree = "<group>";
		};
		2E0875E92B7CE36100ABB27D /* iPhoneReminder */ = {
			isa = PBXGroup;
			children = (
				2E0875EA2B7CE36100ABB27D /* AppDelegate.swift */,
				2E0875EC2B7CE36100ABB27D /* SceneDelegate.swift */,
				2E0875F52B7CE36200ABB27D /* LaunchScreen.storyboard */,
				2E86C95F2B7E792E00009D59 /* Realm */,
				2E0876002B7CE82D00ABB27D /* Base */,
				2E0875FE2B7CE51000ABB27D /* ReminderList */,
				2E54079D2B852C5D00724513 /* SelectList */,
				2EC074722B84888C0061BF01 /* AddMyList */,
				2E86C9622B7E7EB300009D59 /* AllReminder */,
				2E4D89AE2B83584C000702B8 /* TodayReminder */,
				2E4D89B12B83AD31000702B8 /* Scheduled */,
				2E0875FF2B7CE51D00ABB27D /* AddReminder */,
				2E0876122B7D292900ABB27D /* Detail */,
				2E0876152B7D2C8200ABB27D /* Calendar */,
				2E86C9572B7E72EA00009D59 /* Time */,
				2E0876032B7CE8A300ABB27D /* Extension */,
				2E0875F32B7CE36200ABB27D /* Assets.xcassets */,
				2E0875F82B7CE36200ABB27D /* Info.plist */,
			);
			path = iPhoneReminder;
			sourceTree = "<group>";
		};
		2E0875FE2B7CE51000ABB27D /* ReminderList */ = {
			isa = PBXGroup;
			children = (
				2E0875EE2B7CE36100ABB27D /* ReminderListViewController.swift */,
				2E08760C2B7CE98800ABB27D /* ReminderListCollectionViewCell.swift */,
				2EC074702B8481A10061BF01 /* MyListTableViewCell.swift */,
			);
			path = ReminderList;
			sourceTree = "<group>";
		};
		2E0875FF2B7CE51D00ABB27D /* AddReminder */ = {
			isa = PBXGroup;
			children = (
				2E08760E2B7D194800ABB27D /* AddReminderViewController.swift */,
			);
			path = AddReminder;
			sourceTree = "<group>";
		};
		2E0876002B7CE82D00ABB27D /* Base */ = {
			isa = PBXGroup;
			children = (
				2E0876012B7CE83700ABB27D /* BaseViewController.swift */,
			);
			path = Base;
			sourceTree = "<group>";
		};
		2E0876032B7CE8A300ABB27D /* Extension */ = {
			isa = PBXGroup;
			children = (
				2E0876042B7CE8BD00ABB27D /* UIView+addSubViews.swift */,
				2E0876102B7D26FB00ABB27D /* UIButton + Configuration.swift */,
				2E4D89A92B833B1E000702B8 /* FileManager+Extension.swift */,
				2E54079B2B850F9400724513 /* UIColor+hexValue.swift */,
			);
			path = Extension;
			sourceTree = "<group>";
		};
		2E0876122B7D292900ABB27D /* Detail */ = {
			isa = PBXGroup;
			children = (
				2E0876132B7D293500ABB27D /* DetailViewController.swift */,
				2E86C9552B7E4C9500009D59 /* DetailTableViewCell.swift */,
			);
			path = Detail;
			sourceTree = "<group>";
		};
		2E0876152B7D2C8200ABB27D /* Calendar */ = {
			isa = PBXGroup;
			children = (
				2E0876162B7D2C9A00ABB27D /* CalendarViewController.swift */,
			);
			path = Calendar;
			sourceTree = "<group>";
		};
		2E4D89AE2B83584C000702B8 /* TodayReminder */ = {
			isa = PBXGroup;
			children = (
				2E4D89AF2B83586F000702B8 /* TodayReminderViewController.swift */,
			);
			path = TodayReminder;
			sourceTree = "<group>";
		};
		2E4D89B12B83AD31000702B8 /* Scheduled */ = {
			isa = PBXGroup;
			children = (
				2E4D89B22B83AD41000702B8 /* ScheduledViewController.swift */,
			);
			path = Scheduled;
			sourceTree = "<group>";
		};
		2E54079D2B852C5D00724513 /* SelectList */ = {
			isa = PBXGroup;
			children = (
				2E54079E2B852C6C00724513 /* SelectListViewController.swift */,
			);
			path = SelectList;
			sourceTree = "<group>";
		};
		2E86C9572B7E72EA00009D59 /* Time */ = {
			isa = PBXGroup;
			children = (
				2E86C9582B7E730300009D59 /* TimePickerViewController.swift */,
			);
			path = Time;
			sourceTree = "<group>";
		};
		2E86C95F2B7E792E00009D59 /* Realm */ = {
			isa = PBXGroup;
			children = (
				2E86C9602B7E793B00009D59 /* RealmModel.swift */,
				2EC8AE002B811AD200C575D9 /* ReminderRepository.swift */,
			);
			path = Realm;
			sourceTree = "<group>";
		};
		2E86C9622B7E7EB300009D59 /* AllReminder */ = {
			isa = PBXGroup;
			children = (
				2E86C9632B7E7EC300009D59 /* AllReminderViewController.swift */,
				2E86C9652B7E81B000009D59 /* AllReminderTableViewCell.swift */,
			);
			path = AllReminder;
			sourceTree = "<group>";
		};
		2EC074722B84888C0061BF01 /* AddMyList */ = {
			isa = PBXGroup;
			children = (
				2EC074732B8488AC0061BF01 /* AddMyListViewController.swift */,
			);
			path = AddMyList;
			sourceTree = "<group>";
		};
/* End PBXGroup section */

/* Begin PBXNativeTarget section */
		2E0875E62B7CE36100ABB27D /* iPhoneReminder */ = {
			isa = PBXNativeTarget;
			buildConfigurationList = 2E0875FB2B7CE36200ABB27D /* Build configuration list for PBXNativeTarget "iPhoneReminder" */;
			buildPhases = (
				2E0875E32B7CE36100ABB27D /* Sources */,
				2E0875E42B7CE36100ABB27D /* Frameworks */,
				2E0875E52B7CE36100ABB27D /* Resources */,
			);
			buildRules = (
			);
			dependencies = (
			);
			name = iPhoneReminder;
			packageProductDependencies = (
				2E0876072B7CE90300ABB27D /* SnapKit */,
				2E08760A2B7CE90C00ABB27D /* Then */,
				2E86C95B2B7E78E100009D59 /* Realm */,
				2E86C95D2B7E78E100009D59 /* RealmSwift */,
				2ED5DF8B2B820187000EE2DC /* Toast */,
				2E4D89AC2B834136000702B8 /* FSCalendar */,
			);
			productName = iPhoneReminder;
			productReference = 2E0875E72B7CE36100ABB27D /* iPhoneReminder.app */;
			productType = "com.apple.product-type.application";
		};
/* End PBXNativeTarget section */

/* Begin PBXProject section */
		2E0875DF2B7CE36100ABB27D /* Project object */ = {
			isa = PBXProject;
			attributes = {
				BuildIndependentTargetsInParallel = 1;
				LastSwiftUpdateCheck = 1520;
				LastUpgradeCheck = 1520;
				TargetAttributes = {
					2E0875E62B7CE36100ABB27D = {
						CreatedOnToolsVersion = 15.2;
					};
				};
			};
			buildConfigurationList = 2E0875E22B7CE36100ABB27D /* Build configuration list for PBXProject "iPhoneReminder" */;
			compatibilityVersion = "Xcode 14.0";
			developmentRegion = en;
			hasScannedForEncodings = 0;
			knownRegions = (
				en,
				Base,
			);
			mainGroup = 2E0875DE2B7CE36100ABB27D;
			packageReferences = (
				2E0876062B7CE90300ABB27D /* XCRemoteSwiftPackageReference "SnapKit" */,
				2E0876092B7CE90C00ABB27D /* XCRemoteSwiftPackageReference "Then" */,
				2E86C95A2B7E78E100009D59 /* XCRemoteSwiftPackageReference "realm-swift" */,
				2ED5DF8A2B820187000EE2DC /* XCRemoteSwiftPackageReference "Toast-Swift" */,
				2E4D89AB2B834136000702B8 /* XCRemoteSwiftPackageReference "FSCalendar" */,
			);
			productRefGroup = 2E0875E82B7CE36100ABB27D /* Products */;
			projectDirPath = "";
			projectRoot = "";
			targets = (
				2E0875E62B7CE36100ABB27D /* iPhoneReminder */,
			);
		};
/* End PBXProject section */

/* Begin PBXResourcesBuildPhase section */
		2E0875E52B7CE36100ABB27D /* Resources */ = {
			isa = PBXResourcesBuildPhase;
			buildActionMask = 2147483647;
			files = (
				2E0875F72B7CE36200ABB27D /* LaunchScreen.storyboard in Resources */,
				2E0875F42B7CE36200ABB27D /* Assets.xcassets in Resources */,
			);
			runOnlyForDeploymentPostprocessing = 0;
		};
/* End PBXResourcesBuildPhase section */

/* Begin PBXSourcesBuildPhase section */
		2E0875E32B7CE36100ABB27D /* Sources */ = {
			isa = PBXSourcesBuildPhase;
			buildActionMask = 2147483647;
			files = (
				2E0876142B7D293500ABB27D /* DetailViewController.swift in Sources */,
				2E54079C2B850F9400724513 /* UIColor+hexValue.swift in Sources */,
				2E86C9592B7E730300009D59 /* TimePickerViewController.swift in Sources */,
				2E0876052B7CE8BD00ABB27D /* UIView+addSubViews.swift in Sources */,
				2E4D89B32B83AD41000702B8 /* ScheduledViewController.swift in Sources */,
				2EC074742B8488AC0061BF01 /* AddMyListViewController.swift in Sources */,
				2E0875EF2B7CE36100ABB27D /* ReminderListViewController.swift in Sources */,
				2E0876172B7D2C9A00ABB27D /* CalendarViewController.swift in Sources */,
				2E08760D2B7CE98800ABB27D /* ReminderListCollectionViewCell.swift in Sources */,
				2E0876022B7CE83700ABB27D /* BaseViewController.swift in Sources */,
				2E0875EB2B7CE36100ABB27D /* AppDelegate.swift in Sources */,
				2E86C9642B7E7EC300009D59 /* AllReminderViewController.swift in Sources */,
				2EC8AE012B811AD200C575D9 /* ReminderRepository.swift in Sources */,
				2E08760F2B7D194800ABB27D /* AddReminderViewController.swift in Sources */,
				2E4D89AA2B833B1E000702B8 /* FileManager+Extension.swift in Sources */,
				2EC074712B8481A10061BF01 /* MyListTableViewCell.swift in Sources */,
				2E4D89B02B83586F000702B8 /* TodayReminderViewController.swift in Sources */,
				2E86C9662B7E81B000009D59 /* AllReminderTableViewCell.swift in Sources */,
				2E54079F2B852C6C00724513 /* SelectListViewController.swift in Sources */,
				2E0876112B7D26FB00ABB27D /* UIButton + Configuration.swift in Sources */,
				2E0875ED2B7CE36100ABB27D /* SceneDelegate.swift in Sources */,
				2E86C9612B7E793B00009D59 /* RealmModel.swift in Sources */,
				2E86C9562B7E4C9500009D59 /* DetailTableViewCell.swift in Sources */,
			);
			runOnlyForDeploymentPostprocessing = 0;
		};
/* End PBXSourcesBuildPhase section */

/* Begin PBXVariantGroup section */
		2E0875F52B7CE36200ABB27D /* LaunchScreen.storyboard */ = {
			isa = PBXVariantGroup;
			children = (
				2E0875F62B7CE36200ABB27D /* Base */,
			);
			name = LaunchScreen.storyboard;
			sourceTree = "<group>";
		};
/* End PBXVariantGroup section */

/* Begin XCBuildConfiguration section */
		2E0875F92B7CE36200ABB27D /* Debug */ = {
			isa = XCBuildConfiguration;
			buildSettings = {
				ALWAYS_SEARCH_USER_PATHS = NO;
				ASSETCATALOG_COMPILER_GENERATE_SWIFT_ASSET_SYMBOL_EXTENSIONS = YES;
				CLANG_ANALYZER_NONNULL = YES;
				CLANG_ANALYZER_NUMBER_OBJECT_CONVERSION = YES_AGGRESSIVE;
				CLANG_CXX_LANGUAGE_STANDARD = "gnu++20";
				CLANG_ENABLE_MODULES = YES;
				CLANG_ENABLE_OBJC_ARC = YES;
				CLANG_ENABLE_OBJC_WEAK = YES;
				CLANG_WARN_BLOCK_CAPTURE_AUTORELEASING = YES;
				CLANG_WARN_BOOL_CONVERSION = YES;
				CLANG_WARN_COMMA = YES;
				CLANG_WARN_CONSTANT_CONVERSION = YES;
				CLANG_WARN_DEPRECATED_OBJC_IMPLEMENTATIONS = YES;
				CLANG_WARN_DIRECT_OBJC_ISA_USAGE = YES_ERROR;
				CLANG_WARN_DOCUMENTATION_COMMENTS = YES;
				CLANG_WARN_EMPTY_BODY = YES;
				CLANG_WARN_ENUM_CONVERSION = YES;
				CLANG_WARN_INFINITE_RECURSION = YES;
				CLANG_WARN_INT_CONVERSION = YES;
				CLANG_WARN_NON_LITERAL_NULL_CONVERSION = YES;
				CLANG_WARN_OBJC_IMPLICIT_RETAIN_SELF = YES;
				CLANG_WARN_OBJC_LITERAL_CONVERSION = YES;
				CLANG_WARN_OBJC_ROOT_CLASS = YES_ERROR;
				CLANG_WARN_QUOTED_INCLUDE_IN_FRAMEWORK_HEADER = YES;
				CLANG_WARN_RANGE_LOOP_ANALYSIS = YES;
				CLANG_WARN_STRICT_PROTOTYPES = YES;
				CLANG_WARN_SUSPICIOUS_MOVE = YES;
				CLANG_WARN_UNGUARDED_AVAILABILITY = YES_AGGRESSIVE;
				CLANG_WARN_UNREACHABLE_CODE = YES;
				CLANG_WARN__DUPLICATE_METHOD_MATCH = YES;
				COPY_PHASE_STRIP = NO;
				DEBUG_INFORMATION_FORMAT = dwarf;
				ENABLE_STRICT_OBJC_MSGSEND = YES;
				ENABLE_TESTABILITY = YES;
				ENABLE_USER_SCRIPT_SANDBOXING = YES;
				GCC_C_LANGUAGE_STANDARD = gnu17;
				GCC_DYNAMIC_NO_PIC = NO;
				GCC_NO_COMMON_BLOCKS = YES;
				GCC_OPTIMIZATION_LEVEL = 0;
				GCC_PREPROCESSOR_DEFINITIONS = (
					"DEBUG=1",
					"$(inherited)",
				);
				GCC_WARN_64_TO_32_BIT_CONVERSION = YES;
				GCC_WARN_ABOUT_RETURN_TYPE = YES_ERROR;
				GCC_WARN_UNDECLARED_SELECTOR = YES;
				GCC_WARN_UNINITIALIZED_AUTOS = YES_AGGRESSIVE;
				GCC_WARN_UNUSED_FUNCTION = YES;
				GCC_WARN_UNUSED_VARIABLE = YES;
				IPHONEOS_DEPLOYMENT_TARGET = 17.2;
				LOCALIZATION_PREFERS_STRING_CATALOGS = YES;
				MTL_ENABLE_DEBUG_INFO = INCLUDE_SOURCE;
				MTL_FAST_MATH = YES;
				ONLY_ACTIVE_ARCH = YES;
				SDKROOT = iphoneos;
				SWIFT_ACTIVE_COMPILATION_CONDITIONS = "DEBUG $(inherited)";
				SWIFT_OPTIMIZATION_LEVEL = "-Onone";
			};
			name = Debug;
		};
		2E0875FA2B7CE36200ABB27D /* Release */ = {
			isa = XCBuildConfiguration;
			buildSettings = {
				ALWAYS_SEARCH_USER_PATHS = NO;
				ASSETCATALOG_COMPILER_GENERATE_SWIFT_ASSET_SYMBOL_EXTENSIONS = YES;
				CLANG_ANALYZER_NONNULL = YES;
				CLANG_ANALYZER_NUMBER_OBJECT_CONVERSION = YES_AGGRESSIVE;
				CLANG_CXX_LANGUAGE_STANDARD = "gnu++20";
				CLANG_ENABLE_MODULES = YES;
				CLANG_ENABLE_OBJC_ARC = YES;
				CLANG_ENABLE_OBJC_WEAK = YES;
				CLANG_WARN_BLOCK_CAPTURE_AUTORELEASING = YES;
				CLANG_WARN_BOOL_CONVERSION = YES;
				CLANG_WARN_COMMA = YES;
				CLANG_WARN_CONSTANT_CONVERSION = YES;
				CLANG_WARN_DEPRECATED_OBJC_IMPLEMENTATIONS = YES;
				CLANG_WARN_DIRECT_OBJC_ISA_USAGE = YES_ERROR;
				CLANG_WARN_DOCUMENTATION_COMMENTS = YES;
				CLANG_WARN_EMPTY_BODY = YES;
				CLANG_WARN_ENUM_CONVERSION = YES;
				CLANG_WARN_INFINITE_RECURSION = YES;
				CLANG_WARN_INT_CONVERSION = YES;
				CLANG_WARN_NON_LITERAL_NULL_CONVERSION = YES;
				CLANG_WARN_OBJC_IMPLICIT_RETAIN_SELF = YES;
				CLANG_WARN_OBJC_LITERAL_CONVERSION = YES;
				CLANG_WARN_OBJC_ROOT_CLASS = YES_ERROR;
				CLANG_WARN_QUOTED_INCLUDE_IN_FRAMEWORK_HEADER = YES;
				CLANG_WARN_RANGE_LOOP_ANALYSIS = YES;
				CLANG_WARN_STRICT_PROTOTYPES = YES;
				CLANG_WARN_SUSPICIOUS_MOVE = YES;
				CLANG_WARN_UNGUARDED_AVAILABILITY = YES_AGGRESSIVE;
				CLANG_WARN_UNREACHABLE_CODE = YES;
				CLANG_WARN__DUPLICATE_METHOD_MATCH = YES;
				COPY_PHASE_STRIP = NO;
				DEBUG_INFORMATION_FORMAT = "dwarf-with-dsym";
				ENABLE_NS_ASSERTIONS = NO;
				ENABLE_STRICT_OBJC_MSGSEND = YES;
				ENABLE_USER_SCRIPT_SANDBOXING = YES;
				GCC_C_LANGUAGE_STANDARD = gnu17;
				GCC_NO_COMMON_BLOCKS = YES;
				GCC_WARN_64_TO_32_BIT_CONVERSION = YES;
				GCC_WARN_ABOUT_RETURN_TYPE = YES_ERROR;
				GCC_WARN_UNDECLARED_SELECTOR = YES;
				GCC_WARN_UNINITIALIZED_AUTOS = YES_AGGRESSIVE;
				GCC_WARN_UNUSED_FUNCTION = YES;
				GCC_WARN_UNUSED_VARIABLE = YES;
				IPHONEOS_DEPLOYMENT_TARGET = 17.2;
				LOCALIZATION_PREFERS_STRING_CATALOGS = YES;
				MTL_ENABLE_DEBUG_INFO = NO;
				MTL_FAST_MATH = YES;
				SDKROOT = iphoneos;
				SWIFT_COMPILATION_MODE = wholemodule;
				VALIDATE_PRODUCT = YES;
			};
			name = Release;
		};
		2E0875FC2B7CE36200ABB27D /* Debug */ = {
			isa = XCBuildConfiguration;
			buildSettings = {
				ASSETCATALOG_COMPILER_APPICON_NAME = AppIcon;
				ASSETCATALOG_COMPILER_GLOBAL_ACCENT_COLOR_NAME = AccentColor;
				CODE_SIGN_STYLE = Automatic;
				CURRENT_PROJECT_VERSION = 1;
				DEVELOPMENT_TEAM = Q37X3LG46V;
				GENERATE_INFOPLIST_FILE = YES;
				INFOPLIST_FILE = iPhoneReminder/Info.plist;
				INFOPLIST_KEY_UIApplicationSupportsIndirectInputEvents = YES;
				INFOPLIST_KEY_UILaunchStoryboardName = LaunchScreen;
				INFOPLIST_KEY_UIMainStoryboardFile = "";
				INFOPLIST_KEY_UISupportedInterfaceOrientations_iPad = "UIInterfaceOrientationPortrait UIInterfaceOrientationPortraitUpsideDown UIInterfaceOrientationLandscapeLeft UIInterfaceOrientationLandscapeRight";
				INFOPLIST_KEY_UISupportedInterfaceOrientations_iPhone = "UIInterfaceOrientationPortrait UIInterfaceOrientationLandscapeLeft UIInterfaceOrientationLandscapeRight";
				LD_RUNPATH_SEARCH_PATHS = (
					"$(inherited)",
					"@executable_path/Frameworks",
				);
				MARKETING_VERSION = 1.0;
				PRODUCT_BUNDLE_IDENTIFIER = hwijin.iPhoneReminder;
				PRODUCT_NAME = "$(TARGET_NAME)";
				SWIFT_EMIT_LOC_STRINGS = YES;
				SWIFT_VERSION = 5.0;
				TARGETED_DEVICE_FAMILY = "1,2";
			};
			name = Debug;
		};
		2E0875FD2B7CE36200ABB27D /* Release */ = {
			isa = XCBuildConfiguration;
			buildSettings = {
				ASSETCATALOG_COMPILER_APPICON_NAME = AppIcon;
				ASSETCATALOG_COMPILER_GLOBAL_ACCENT_COLOR_NAME = AccentColor;
				CODE_SIGN_STYLE = Automatic;
				CURRENT_PROJECT_VERSION = 1;
				DEVELOPMENT_TEAM = Q37X3LG46V;
				GENERATE_INFOPLIST_FILE = YES;
				INFOPLIST_FILE = iPhoneReminder/Info.plist;
				INFOPLIST_KEY_UIApplicationSupportsIndirectInputEvents = YES;
				INFOPLIST_KEY_UILaunchStoryboardName = LaunchScreen;
				INFOPLIST_KEY_UIMainStoryboardFile = "";
				INFOPLIST_KEY_UISupportedInterfaceOrientations_iPad = "UIInterfaceOrientationPortrait UIInterfaceOrientationPortraitUpsideDown UIInterfaceOrientationLandscapeLeft UIInterfaceOrientationLandscapeRight";
				INFOPLIST_KEY_UISupportedInterfaceOrientations_iPhone = "UIInterfaceOrientationPortrait UIInterfaceOrientationLandscapeLeft UIInterfaceOrientationLandscapeRight";
				LD_RUNPATH_SEARCH_PATHS = (
					"$(inherited)",
					"@executable_path/Frameworks",
				);
				MARKETING_VERSION = 1.0;
				PRODUCT_BUNDLE_IDENTIFIER = hwijin.iPhoneReminder;
				PRODUCT_NAME = "$(TARGET_NAME)";
				SWIFT_EMIT_LOC_STRINGS = YES;
				SWIFT_VERSION = 5.0;
				TARGETED_DEVICE_FAMILY = "1,2";
			};
			name = Release;
		};
/* End XCBuildConfiguration section */

/* Begin XCConfigurationList section */
		2E0875E22B7CE36100ABB27D /* Build configuration list for PBXProject "iPhoneReminder" */ = {
			isa = XCConfigurationList;
			buildConfigurations = (
				2E0875F92B7CE36200ABB27D /* Debug */,
				2E0875FA2B7CE36200ABB27D /* Release */,
			);
			defaultConfigurationIsVisible = 0;
			defaultConfigurationName = Release;
		};
		2E0875FB2B7CE36200ABB27D /* Build configuration list for PBXNativeTarget "iPhoneReminder" */ = {
			isa = XCConfigurationList;
			buildConfigurations = (
				2E0875FC2B7CE36200ABB27D /* Debug */,
				2E0875FD2B7CE36200ABB27D /* Release */,
			);
			defaultConfigurationIsVisible = 0;
			defaultConfigurationName = Release;
		};
/* End XCConfigurationList section */

/* Begin XCRemoteSwiftPackageReference section */
		2E0876062B7CE90300ABB27D /* XCRemoteSwiftPackageReference "SnapKit" */ = {
			isa = XCRemoteSwiftPackageReference;
			repositoryURL = "https://github.com/SnapKit/SnapKit.git";
			requirement = {
				kind = upToNextMajorVersion;
				minimumVersion = 5.7.0;
			};
		};
		2E0876092B7CE90C00ABB27D /* XCRemoteSwiftPackageReference "Then" */ = {
			isa = XCRemoteSwiftPackageReference;
			repositoryURL = "https://github.com/devxoul/Then";
			requirement = {
				kind = upToNextMajorVersion;
				minimumVersion = 3.0.0;
			};
		};
		2E4D89AB2B834136000702B8 /* XCRemoteSwiftPackageReference "FSCalendar" */ = {
			isa = XCRemoteSwiftPackageReference;
			repositoryURL = "https://github.com/WenchaoD/FSCalendar";
			requirement = {
				kind = upToNextMajorVersion;
				minimumVersion = 2.8.4;
			};
		};
		2E86C95A2B7E78E100009D59 /* XCRemoteSwiftPackageReference "realm-swift" */ = {
			isa = XCRemoteSwiftPackageReference;
			repositoryURL = "https://github.com/realm/realm-swift.git";
			requirement = {
				kind = exactVersion;
				version = 10.47.0;
			};
		};
		2ED5DF8A2B820187000EE2DC /* XCRemoteSwiftPackageReference "Toast-Swift" */ = {
			isa = XCRemoteSwiftPackageReference;
			repositoryURL = "https://github.com/scalessec/Toast-Swift.git";
			requirement = {
				kind = upToNextMajorVersion;
				minimumVersion = 5.1.0;
			};
		};
/* End XCRemoteSwiftPackageReference section */

/* Begin XCSwiftPackageProductDependency section */
		2E0876072B7CE90300ABB27D /* SnapKit */ = {
			isa = XCSwiftPackageProductDependency;
			package = 2E0876062B7CE90300ABB27D /* XCRemoteSwiftPackageReference "SnapKit" */;
			productName = SnapKit;
		};
		2E08760A2B7CE90C00ABB27D /* Then */ = {
			isa = XCSwiftPackageProductDependency;
			package = 2E0876092B7CE90C00ABB27D /* XCRemoteSwiftPackageReference "Then" */;
			productName = Then;
		};
		2E4D89AC2B834136000702B8 /* FSCalendar */ = {
			isa = XCSwiftPackageProductDependency;
			package = 2E4D89AB2B834136000702B8 /* XCRemoteSwiftPackageReference "FSCalendar" */;
			productName = FSCalendar;
		};
		2E86C95B2B7E78E100009D59 /* Realm */ = {
			isa = XCSwiftPackageProductDependency;
			package = 2E86C95A2B7E78E100009D59 /* XCRemoteSwiftPackageReference "realm-swift" */;
			productName = Realm;
		};
		2E86C95D2B7E78E100009D59 /* RealmSwift */ = {
			isa = XCSwiftPackageProductDependency;
			package = 2E86C95A2B7E78E100009D59 /* XCRemoteSwiftPackageReference "realm-swift" */;
			productName = RealmSwift;
		};
		2ED5DF8B2B820187000EE2DC /* Toast */ = {
			isa = XCSwiftPackageProductDependency;
			package = 2ED5DF8A2B820187000EE2DC /* XCRemoteSwiftPackageReference "Toast-Swift" */;
			productName = Toast;
		};
/* End XCSwiftPackageProductDependency section */
	};
	rootObject = 2E0875DF2B7CE36100ABB27D /* Project object */;
}
