// !$*UTF8*$!
{
	archiveVersion = 1;
	classes = {
	};
	objectVersion = 56;
	objects = {

/* Begin PBXBuildFile section */
		2E0875EB2B7CE36100ABB27D /* AppDelegate.swift in Sources */ = {isa = PBXBuildFile; fileRef = 2E0875EA2B7CE36100ABB27D /* AppDelegate.swift */; };
		2E0875ED2B7CE36100ABB27D /* SceneDelegate.swift in Sources */ = {isa = PBXBuildFile; fileRef = 2E0875EC2B7CE36100ABB27D /* SceneDelegate.swift */; };
		2E0875EF2B7CE36100ABB27D /* ReminderListViewController.swift in Sources */ = {isa = PBXBuildFile; fileRef = 2E0875EE2B7CE36100ABB27D /* ReminderListViewController.swift */; };
		2E0875F42B7CE36200ABB27D /* Assets.xcassets in Resources */ = {isa = PBXBuildFile; fileRef = 2E0875F32B7CE36200ABB27D /* Assets.xcassets */; };
		2E0875F72B7CE36200ABB27D /* LaunchScreen.storyboard in Resources */ = {isa = PBXBuildFile; fileRef = 2E0875F52B7CE36200ABB27D /* LaunchScreen.storyboard */; };
		2E0876022B7CE83700ABB27D /* BaseViewController.swift in Sources */ = {isa = PBXBuildFile; fileRef = 2E0876012B7CE83700ABB27D /* BaseViewController.swift */; };
		2E0876052B7CE8BD00ABB27D /* UIView+addSubViews.swift in Sources */ = {isa = PBXBuildFile; fileRef = 2E0876042B7CE8BD00ABB27D /* UIView+addSubViews.swift */; };
		2E0876082B7CE90300ABB27D /* SnapKit in Frameworks */ = {isa = PBXBuildFile; productRef = 2E0876072B7CE90300ABB27D /* SnapKit */; };
		2E08760B2B7CE90C00ABB27D /* Then in Frameworks */ = {isa = PBXBuildFile; productRef = 2E08760A2B7CE90C00ABB27D /* Then */; };
		2E08760D2B7CE98800ABB27D /* ReminderListCollectionViewCell.swift in Sources */ = {isa = PBXBuildFile; fileRef = 2E08760C2B7CE98800ABB27D /* ReminderListCollectionViewCell.swift */; };
/* End PBXBuildFile section */

/* Begin PBXFileReference section */
		2E0875E72B7CE36100ABB27D /* iPhoneReminder.app */ = {isa = PBXFileReference; explicitFileType = wrapper.application; includeInIndex = 0; path = iPhoneReminder.app; sourceTree = BUILT_PRODUCTS_DIR; };
		2E0875EA2B7CE36100ABB27D /* AppDelegate.swift */ = {isa = PBXFileReference; lastKnownFileType = sourcecode.swift; path = AppDelegate.swift; sourceTree = "<group>"; };
		2E0875EC2B7CE36100ABB27D /* SceneDelegate.swift */ = {isa = PBXFileReference; lastKnownFileType = sourcecode.swift; path = SceneDelegate.swift; sourceTree = "<group>"; };
		2E0875EE2B7CE36100ABB27D /* ReminderListViewController.swift */ = {isa = PBXFileReference; lastKnownFileType = sourcecode.swift; path = ReminderListViewController.swift; sourceTree = "<group>"; };
		2E0875F32B7CE36200ABB27D /* Assets.xcassets */ = {isa = PBXFileReference; lastKnownFileType = folder.assetcatalog; path = Assets.xcassets; sourceTree = "<group>"; };
		2E0875F62B7CE36200ABB27D /* Base */ = {isa = PBXFileReference; lastKnownFileType = file.storyboard; name = Base; path = Base.lproj/LaunchScreen.storyboard; sourceTree = "<group>"; };
		2E0875F82B7CE36200ABB27D /* Info.plist */ = {isa = PBXFileReference; lastKnownFileType = text.plist.xml; path = Info.plist; sourceTree = "<group>"; };
		2E0876012B7CE83700ABB27D /* BaseViewController.swift */ = {isa = PBXFileReference; lastKnownFileType = sourcecode.swift; path = BaseViewController.swift; sourceTree = "<group>"; };
		2E0876042B7CE8BD00ABB27D /* UIView+addSubViews.swift */ = {isa = PBXFileReference; lastKnownFileType = sourcecode.swift; path = "UIView+addSubViews.swift"; sourceTree = "<group>"; };
		2E08760C2B7CE98800ABB27D /* ReminderListCollectionViewCell.swift */ = {isa = PBXFileReference; lastKnownFileType = sourcecode.swift; path = ReminderListCollectionViewCell.swift; sourceTree = "<group>"; };
/* End PBXFileReference section */

/* Begin PBXFrameworksBuildPhase section */
		2E0875E42B7CE36100ABB27D /* Frameworks */ = {
			isa = PBXFrameworksBuildPhase;
			buildActionMask = 2147483647;
			files = (
				2E0876082B7CE90300ABB27D /* SnapKit in Frameworks */,
				2E08760B2B7CE90C00ABB27D /* Then in Frameworks */,
			);
			runOnlyForDeploymentPostprocessing = 0;
		};
/* End PBXFrameworksBuildPhase section */

/* Begin PBXGroup section */
		2E0875DE2B7CE36100ABB27D = {
			isa = PBXGroup;
			children = (
				2E0875E92B7CE36100ABB27D /* iPhoneReminder */,
				2E0875E82B7CE36100ABB27D /* Products */,
			);
			sourceTree = "<group>";
		};
		2E0875E82B7CE36100ABB27D /* Products */ = {
			isa = PBXGroup;
			children = (
				2E0875E72B7CE36100ABB27D /* iPhoneReminder.app */,
			);
			name = Products;
			sourceTree = "<group>";
		};
		2E0875E92B7CE36100ABB27D /* iPhoneReminder */ = {
			isa = PBXGroup;
			children = (
				2E0875EA2B7CE36100ABB27D /* AppDelegate.swift */,
				2E0875EC2B7CE36100ABB27D /* SceneDelegate.swift */,
				2E0875F52B7CE36200ABB27D /* LaunchScreen.storyboard */,
				2E0876002B7CE82D00ABB27D /* Base */,
				2E0875FE2B7CE51000ABB27D /* ReminderList */,
				2E0875FF2B7CE51D00ABB27D /* AddReminder */,
				2E0876032B7CE8A300ABB27D /* Extension */,
				2E0875F32B7CE36200ABB27D /* Assets.xcassets */,
				2E0875F82B7CE36200ABB27D /* Info.plist */,
			);
			path = iPhoneReminder;
			sourceTree = "<group>";
		};
		2E0875FE2B7CE51000ABB27D /* ReminderList */ = {
			isa = PBXGroup;
			children = (
				2E0875EE2B7CE36100ABB27D /* ReminderListViewController.swift */,
				2E08760C2B7CE98800ABB27D /* ReminderListCollectionViewCell.swift */,
			);
			path = ReminderList;
			sourceTree = "<group>";
		};
		2E0875FF2B7CE51D00ABB27D /* AddReminder */ = {
			isa = PBXGroup;
			children = (
			);
			path = AddReminder;
			sourceTree = "<group>";
		};
		2E0876002B7CE82D00ABB27D /* Base */ = {
			isa = PBXGroup;
			children = (
				2E0876012B7CE83700ABB27D /* BaseViewController.swift */,
			);
			path = Base;
			sourceTree = "<group>";
		};
		2E0876032B7CE8A300ABB27D /* Extension */ = {
			isa = PBXGroup;
			children = (
				2E0876042B7CE8BD00ABB27D /* UIView+addSubViews.swift */,
			);
			path = Extension;
			sourceTree = "<group>";
		};
/* End PBXGroup section */

/* Begin PBXNativeTarget section */
		2E0875E62B7CE36100ABB27D /* iPhoneReminder */ = {
			isa = PBXNativeTarget;
			buildConfigurationList = 2E0875FB2B7CE36200ABB27D /* Build configuration list for PBXNativeTarget "iPhoneReminder" */;
			buildPhases = (
				2E0875E32B7CE36100ABB27D /* Sources */,
				2E0875E42B7CE36100ABB27D /* Frameworks */,
				2E0875E52B7CE36100ABB27D /* Resources */,
			);
			buildRules = (
			);
			dependencies = (
			);
			name = iPhoneReminder;
			packageProductDependencies = (
				2E0876072B7CE90300ABB27D /* SnapKit */,
				2E08760A2B7CE90C00ABB27D /* Then */,
			);
			productName = iPhoneReminder;
			productReference = 2E0875E72B7CE36100ABB27D /* iPhoneReminder.app */;
			productType = "com.apple.product-type.application";
		};
/* End PBXNativeTarget section */

/* Begin PBXProject section */
		2E0875DF2B7CE36100ABB27D /* Project object */ = {
			isa = PBXProject;
			attributes = {
				BuildIndependentTargetsInParallel = 1;
				LastSwiftUpdateCheck = 1520;
				LastUpgradeCheck = 1520;
				TargetAttributes = {
					2E0875E62B7CE36100ABB27D = {
						CreatedOnToolsVersion = 15.2;
					};
				};
			};
			buildConfigurationList = 2E0875E22B7CE36100ABB27D /* Build configuration list for PBXProject "iPhoneReminder" */;
			compatibilityVersion = "Xcode 14.0";
			developmentRegion = en;
			hasScannedForEncodings = 0;
			knownRegions = (
				en,
				Base,
			);
			mainGroup = 2E0875DE2B7CE36100ABB27D;
			packageReferences = (
				2E0876062B7CE90300ABB27D /* XCRemoteSwiftPackageReference "SnapKit" */,
				2E0876092B7CE90C00ABB27D /* XCRemoteSwiftPackageReference "Then" */,
			);
			productRefGroup = 2E0875E82B7CE36100ABB27D /* Products */;
			projectDirPath = "";
			projectRoot = "";
			targets = (
				2E0875E62B7CE36100ABB27D /* iPhoneReminder */,
			);
		};
/* End PBXProject section */

/* Begin PBXResourcesBuildPhase section */
		2E0875E52B7CE36100ABB27D /* Resources */ = {
			isa = PBXResourcesBuildPhase;
			buildActionMask = 2147483647;
			files = (
				2E0875F72B7CE36200ABB27D /* LaunchScreen.storyboard in Resources */,
				2E0875F42B7CE36200ABB27D /* Assets.xcassets in Resources */,
			);
			runOnlyForDeploymentPostprocessing = 0;
		};
/* End PBXResourcesBuildPhase section */

/* Begin PBXSourcesBuildPhase section */
		2E0875E32B7CE36100ABB27D /* Sources */ = {
			isa = PBXSourcesBuildPhase;
			buildActionMask = 2147483647;
			files = (
				2E0876052B7CE8BD00ABB27D /* UIView+addSubViews.swift in Sources */,
				2E0875EF2B7CE36100ABB27D /* ReminderListViewController.swift in Sources */,
				2E08760D2B7CE98800ABB27D /* ReminderListCollectionViewCell.swift in Sources */,
				2E0876022B7CE83700ABB27D /* BaseViewController.swift in Sources */,
				2E0875EB2B7CE36100ABB27D /* AppDelegate.swift in Sources */,
				2E0875ED2B7CE36100ABB27D /* SceneDelegate.swift in Sources */,
			);
			runOnlyForDeploymentPostprocessing = 0;
		};
/* End PBXSourcesBuildPhase section */

/* Begin PBXVariantGroup section */
		2E0875F52B7CE36200ABB27D /* LaunchScreen.storyboard */ = {
			isa = PBXVariantGroup;
			children = (
				2E0875F62B7CE36200ABB27D /* Base */,
			);
			name = LaunchScreen.storyboard;
			sourceTree = "<group>";
		};
/* End PBXVariantGroup section */

/* Begin XCBuildConfiguration section */
		2E0875F92B7CE36200ABB27D /* Debug */ = {
			isa = XCBuildConfiguration;
			buildSettings = {
				ALWAYS_SEARCH_USER_PATHS = NO;
				ASSETCATALOG_COMPILER_GENERATE_SWIFT_ASSET_SYMBOL_EXTENSIONS = YES;
				CLANG_ANALYZER_NONNULL = YES;
				CLANG_ANALYZER_NUMBER_OBJECT_CONVERSION = YES_AGGRESSIVE;
				CLANG_CXX_LANGUAGE_STANDARD = "gnu++20";
				CLANG_ENABLE_MODULES = YES;
				CLANG_ENABLE_OBJC_ARC = YES;
				CLANG_ENABLE_OBJC_WEAK = YES;
				CLANG_WARN_BLOCK_CAPTURE_AUTORELEASING = YES;
				CLANG_WARN_BOOL_CONVERSION = YES;
				CLANG_WARN_COMMA = YES;
				CLANG_WARN_CONSTANT_CONVERSION = YES;
				CLANG_WARN_DEPRECATED_OBJC_IMPLEMENTATIONS = YES;
				CLANG_WARN_DIRECT_OBJC_ISA_USAGE = YES_ERROR;
				CLANG_WARN_DOCUMENTATION_COMMENTS = YES;
				CLANG_WARN_EMPTY_BODY = YES;
				CLANG_WARN_ENUM_CONVERSION = YES;
				CLANG_WARN_INFINITE_RECURSION = YES;
				CLANG_WARN_INT_CONVERSION = YES;
				CLANG_WARN_NON_LITERAL_NULL_CONVERSION = YES;
				CLANG_WARN_OBJC_IMPLICIT_RETAIN_SELF = YES;
				CLANG_WARN_OBJC_LITERAL_CONVERSION = YES;
				CLANG_WARN_OBJC_ROOT_CLASS = YES_ERROR;
				CLANG_WARN_QUOTED_INCLUDE_IN_FRAMEWORK_HEADER = YES;
				CLANG_WARN_RANGE_LOOP_ANALYSIS = YES;
				CLANG_WARN_STRICT_PROTOTYPES = YES;
				CLANG_WARN_SUSPICIOUS_MOVE = YES;
				CLANG_WARN_UNGUARDED_AVAILABILITY = YES_AGGRESSIVE;
				CLANG_WARN_UNREACHABLE_CODE = YES;
				CLANG_WARN__DUPLICATE_METHOD_MATCH = YES;
				COPY_PHASE_STRIP = NO;
				DEBUG_INFORMATION_FORMAT = dwarf;
				ENABLE_STRICT_OBJC_MSGSEND = YES;
				ENABLE_TESTABILITY = YES;
				ENABLE_USER_SCRIPT_SANDBOXING = YES;
				GCC_C_LANGUAGE_STANDARD = gnu17;
				GCC_DYNAMIC_NO_PIC = NO;
				GCC_NO_COMMON_BLOCKS = YES;
				GCC_OPTIMIZATION_LEVEL = 0;
				GCC_PREPROCESSOR_DEFINITIONS = (
					"DEBUG=1",
					"$(inherited)",
				);
				GCC_WARN_64_TO_32_BIT_CONVERSION = YES;
				GCC_WARN_ABOUT_RETURN_TYPE = YES_ERROR;
				GCC_WARN_UNDECLARED_SELECTOR = YES;
				GCC_WARN_UNINITIALIZED_AUTOS = YES_AGGRESSIVE;
				GCC_WARN_UNUSED_FUNCTION = YES;
				GCC_WARN_UNUSED_VARIABLE = YES;
				IPHONEOS_DEPLOYMENT_TARGET = 17.2;
				LOCALIZATION_PREFERS_STRING_CATALOGS = YES;
				MTL_ENABLE_DEBUG_INFO = INCLUDE_SOURCE;
				MTL_FAST_MATH = YES;
				ONLY_ACTIVE_ARCH = YES;
				SDKROOT = iphoneos;
				SWIFT_ACTIVE_COMPILATION_CONDITIONS = "DEBUG $(inherited)";
				SWIFT_OPTIMIZATION_LEVEL = "-Onone";
			};
			name = Debug;
		};
		2E0875FA2B7CE36200ABB27D /* Release */ = {
			isa = XCBuildConfiguration;
			buildSettings = {
				ALWAYS_SEARCH_USER_PATHS = NO;
				ASSETCATALOG_COMPILER_GENERATE_SWIFT_ASSET_SYMBOL_EXTENSIONS = YES;
				CLANG_ANALYZER_NONNULL = YES;
				CLANG_ANALYZER_NUMBER_OBJECT_CONVERSION = YES_AGGRESSIVE;
				CLANG_CXX_LANGUAGE_STANDARD = "gnu++20";
				CLANG_ENABLE_MODULES = YES;
				CLANG_ENABLE_OBJC_ARC = YES;
				CLANG_ENABLE_OBJC_WEAK = YES;
				CLANG_WARN_BLOCK_CAPTURE_AUTORELEASING = YES;
				CLANG_WARN_BOOL_CONVERSION = YES;
				CLANG_WARN_COMMA = YES;
				CLANG_WARN_CONSTANT_CONVERSION = YES;
				CLANG_WARN_DEPRECATED_OBJC_IMPLEMENTATIONS = YES;
				CLANG_WARN_DIRECT_OBJC_ISA_USAGE = YES_ERROR;
				CLANG_WARN_DOCUMENTATION_COMMENTS = YES;
				CLANG_WARN_EMPTY_BODY = YES;
				CLANG_WARN_ENUM_CONVERSION = YES;
				CLANG_WARN_INFINITE_RECURSION = YES;
				CLANG_WARN_INT_CONVERSION = YES;
				CLANG_WARN_NON_LITERAL_NULL_CONVERSION = YES;
				CLANG_WARN_OBJC_IMPLICIT_RETAIN_SELF = YES;
				CLANG_WARN_OBJC_LITERAL_CONVERSION = YES;
				CLANG_WARN_OBJC_ROOT_CLASS = YES_ERROR;
				CLANG_WARN_QUOTED_INCLUDE_IN_FRAMEWORK_HEADER = YES;
				CLANG_WARN_RANGE_LOOP_ANALYSIS = YES;
				CLANG_WARN_STRICT_PROTOTYPES = YES;
				CLANG_WARN_SUSPICIOUS_MOVE = YES;
				CLANG_WARN_UNGUARDED_AVAILABILITY = YES_AGGRESSIVE;
				CLANG_WARN_UNREACHABLE_CODE = YES;
				CLANG_WARN__DUPLICATE_METHOD_MATCH = YES;
				COPY_PHASE_STRIP = NO;
				DEBUG_INFORMATION_FORMAT = "dwarf-with-dsym";
				ENABLE_NS_ASSERTIONS = NO;
				ENABLE_STRICT_OBJC_MSGSEND = YES;
				ENABLE_USER_SCRIPT_SANDBOXING = YES;
				GCC_C_LANGUAGE_STANDARD = gnu17;
				GCC_NO_COMMON_BLOCKS = YES;
				GCC_WARN_64_TO_32_BIT_CONVERSION = YES;
				GCC_WARN_ABOUT_RETURN_TYPE = YES_ERROR;
				GCC_WARN_UNDECLARED_SELECTOR = YES;
				GCC_WARN_UNINITIALIZED_AUTOS = YES_AGGRESSIVE;
				GCC_WARN_UNUSED_FUNCTION = YES;
				GCC_WARN_UNUSED_VARIABLE = YES;
				IPHONEOS_DEPLOYMENT_TARGET = 17.2;
				LOCALIZATION_PREFERS_STRING_CATALOGS = YES;
				MTL_ENABLE_DEBUG_INFO = NO;
				MTL_FAST_MATH = YES;
				SDKROOT = iphoneos;
				SWIFT_COMPILATION_MODE = wholemodule;
				VALIDATE_PRODUCT = YES;
			};
			name = Release;
		};
		2E0875FC2B7CE36200ABB27D /* Debug */ = {
			isa = XCBuildConfiguration;
			buildSettings = {
				ASSETCATALOG_COMPILER_APPICON_NAME = AppIcon;
				ASSETCATALOG_COMPILER_GLOBAL_ACCENT_COLOR_NAME = AccentColor;
				CODE_SIGN_STYLE = Automatic;
				CURRENT_PROJECT_VERSION = 1;
				DEVELOPMENT_TEAM = Q37X3LG46V;
				GENERATE_INFOPLIST_FILE = YES;
				INFOPLIST_FILE = iPhoneReminder/Info.plist;
				INFOPLIST_KEY_UIApplicationSupportsIndirectInputEvents = YES;
				INFOPLIST_KEY_UILaunchStoryboardName = LaunchScreen;
				INFOPLIST_KEY_UIMainStoryboardFile = "";
				INFOPLIST_KEY_UISupportedInterfaceOrientations_iPad = "UIInterfaceOrientationPortrait UIInterfaceOrientationPortraitUpsideDown UIInterfaceOrientationLandscapeLeft UIInterfaceOrientationLandscapeRight";
				INFOPLIST_KEY_UISupportedInterfaceOrientations_iPhone = "UIInterfaceOrientationPortrait UIInterfaceOrientationLandscapeLeft UIInterfaceOrientationLandscapeRight";
				LD_RUNPATH_SEARCH_PATHS = (
					"$(inherited)",
					"@executable_path/Frameworks",
				);
				MARKETING_VERSION = 1.0;
				PRODUCT_BUNDLE_IDENTIFIER = hwijin.iPhoneReminder;
				PRODUCT_NAME = "$(TARGET_NAME)";
				SWIFT_EMIT_LOC_STRINGS = YES;
				SWIFT_VERSION = 5.0;
				TARGETED_DEVICE_FAMILY = "1,2";
			};
			name = Debug;
		};
		2E0875FD2B7CE36200ABB27D /* Release */ = {
			isa = XCBuildConfiguration;
			buildSettings = {
				ASSETCATALOG_COMPILER_APPICON_NAME = AppIcon;
				ASSETCATALOG_COMPILER_GLOBAL_ACCENT_COLOR_NAME = AccentColor;
				CODE_SIGN_STYLE = Automatic;
				CURRENT_PROJECT_VERSION = 1;
				DEVELOPMENT_TEAM = Q37X3LG46V;
				GENERATE_INFOPLIST_FILE = YES;
				INFOPLIST_FILE = iPhoneReminder/Info.plist;
				INFOPLIST_KEY_UIApplicationSupportsIndirectInputEvents = YES;
				INFOPLIST_KEY_UILaunchStoryboardName = LaunchScreen;
				INFOPLIST_KEY_UIMainStoryboardFile = "";
				INFOPLIST_KEY_UISupportedInterfaceOrientations_iPad = "UIInterfaceOrientationPortrait UIInterfaceOrientationPortraitUpsideDown UIInterfaceOrientationLandscapeLeft UIInterfaceOrientationLandscapeRight";
				INFOPLIST_KEY_UISupportedInterfaceOrientations_iPhone = "UIInterfaceOrientationPortrait UIInterfaceOrientationLandscapeLeft UIInterfaceOrientationLandscapeRight";
				LD_RUNPATH_SEARCH_PATHS = (
					"$(inherited)",
					"@executable_path/Frameworks",
				);
				MARKETING_VERSION = 1.0;
				PRODUCT_BUNDLE_IDENTIFIER = hwijin.iPhoneReminder;
				PRODUCT_NAME = "$(TARGET_NAME)";
				SWIFT_EMIT_LOC_STRINGS = YES;
				SWIFT_VERSION = 5.0;
				TARGETED_DEVICE_FAMILY = "1,2";
			};
			name = Release;
		};
/* End XCBuildConfiguration section */

/* Begin XCConfigurationList section */
		2E0875E22B7CE36100ABB27D /* Build configuration list for PBXProject "iPhoneReminder" */ = {
			isa = XCConfigurationList;
			buildConfigurations = (
				2E0875F92B7CE36200ABB27D /* Debug */,
				2E0875FA2B7CE36200ABB27D /* Release */,
			);
			defaultConfigurationIsVisible = 0;
			defaultConfigurationName = Release;
		};
		2E0875FB2B7CE36200ABB27D /* Build configuration list for PBXNativeTarget "iPhoneReminder" */ = {
			isa = XCConfigurationList;
			buildConfigurations = (
				2E0875FC2B7CE36200ABB27D /* Debug */,
				2E0875FD2B7CE36200ABB27D /* Release */,
			);
			defaultConfigurationIsVisible = 0;
			defaultConfigurationName = Release;
		};
/* End XCConfigurationList section */

/* Begin XCRemoteSwiftPackageReference section */
		2E0876062B7CE90300ABB27D /* XCRemoteSwiftPackageReference "SnapKit" */ = {
			isa = XCRemoteSwiftPackageReference;
			repositoryURL = "https://github.com/SnapKit/SnapKit.git";
			requirement = {
				kind = upToNextMajorVersion;
				minimumVersion = 5.7.0;
			};
		};
		2E0876092B7CE90C00ABB27D /* XCRemoteSwiftPackageReference "Then" */ = {
			isa = XCRemoteSwiftPackageReference;
			repositoryURL = "https://github.com/devxoul/Then";
			requirement = {
				kind = upToNextMajorVersion;
				minimumVersion = 3.0.0;
			};
		};
/* End XCRemoteSwiftPackageReference section */

/* Begin XCSwiftPackageProductDependency section */
		2E0876072B7CE90300ABB27D /* SnapKit */ = {
			isa = XCSwiftPackageProductDependency;
			package = 2E0876062B7CE90300ABB27D /* XCRemoteSwiftPackageReference "SnapKit" */;
			productName = SnapKit;
		};
		2E08760A2B7CE90C00ABB27D /* Then */ = {
			isa = XCSwiftPackageProductDependency;
			package = 2E0876092B7CE90C00ABB27D /* XCRemoteSwiftPackageReference "Then" */;
			productName = Then;
		};
/* End XCSwiftPackageProductDependency section */
	};
	rootObject = 2E0875DF2B7CE36100ABB27D /* Project object */;
}
